{
  "name": "phone-permutation",
  "version": "0.0.0",
  "lockfileVersion": 1,
  "requires": true,
  "dependencies": {
    "ng2-pagination": {
      "version": "2.0.2",
      "resolved": "https://registry.npmjs.org/ng2-pagination/-/ng2-pagination-2.0.2.tgz",
      "integrity": "sha1-Uy3JFU3h8V4Z6U7fVUuWiEtfg9Y="
    }
  }
}
